
Microsoft Visual Studio Solution File, Format Version 12.00
# Visual Studio 15
VisualStudioVersion = 15.0.28307.329
MinimumVisualStudioVersion = 10.0.40219.1
Project("{9A19103F-16F7-4668-BE54-9A1E7A4F7556}") = "ProductivityTools.DateTimeTools", "src\ProductivityTools.DateTimeTools\ProductivityTools.DateTimeTools.csproj", "{C1AF3747-CF43-4DC9-8725-A0BD6236E3BF}"
EndProject
Global
	GlobalSection(SolutionConfigurationPlatforms) = preSolution
		Debug|Any CPU = Debug|Any CPU
		Release|Any CPU = Release|Any CPU
	EndGlobalSection
	GlobalSection(ProjectConfigurationPlatforms) = postSolution
		{C1AF3747-CF43-4DC9-8725-A0BD6236E3BF}.Debug|Any CPU.ActiveCfg = Debug|Any CPU
		{C1AF3747-CF43-4DC9-8725-A0BD6236E3BF}.Debug|Any CPU.Build.0 = Debug|Any CPU
		{C1AF3747-CF43-4DC9-8725-A0BD6236E3BF}.Release|Any CPU.ActiveCfg = Release|Any CPU
		{C1AF3747-CF43-4DC9-8725-A0BD6236E3BF}.Release|Any CPU.Build.0 = Release|Any CPU
	EndGlobalSection
	GlobalSection(SolutionProperties) = preSolution
		HideSolutionNode = FALSE
	EndGlobalSection
	GlobalSection(ExtensibilityGlobals) = postSolution
		SolutionGuid = {FB68639A-F6B8-4931-B576-1E1F93AD022D}
	EndGlobalSection
EndGlobal
